
Microsoft Visual Studio Solution File, Format Version 12.00
# Visual Studio Version 17
VisualStudioVersion = 17.8.34525.116
MinimumVisualStudioVersion = 10.0.40219.1
Project("{FAE04EC0-301F-11D3-BF4B-00C04F79EFBC}") = "Vista", "Vista\Vista.csproj", "{011B4A8D-B73B-4A02-9B8A-A2D07AFA1A69}"
EndProject
Project("{FAE04EC0-301F-11D3-BF4B-00C04F79EFBC}") = "Controladora", "Controladora\Controladora.csproj", "{51F1ACE3-9DFA-4675-B4CE-49FFFE0533C3}"
EndProject
Project("{FAE04EC0-301F-11D3-BF4B-00C04F79EFBC}") = "Modelo", "Modelo\Modelo.csproj", "{95BEDA62-39CF-42FD-9A3F-210C2B51139D}"
EndProject
Global
	GlobalSection(SolutionConfigurationPlatforms) = preSolution
		Debug|Any CPU = Debug|Any CPU
		Release|Any CPU = Release|Any CPU
	EndGlobalSection
	GlobalSection(ProjectConfigurationPlatforms) = postSolution
		{011B4A8D-B73B-4A02-9B8A-A2D07AFA1A69}.Debug|Any CPU.ActiveCfg = Debug|Any CPU
		{011B4A8D-B73B-4A02-9B8A-A2D07AFA1A69}.Debug|Any CPU.Build.0 = Debug|Any CPU
		{011B4A8D-B73B-4A02-9B8A-A2D07AFA1A69}.Release|Any CPU.ActiveCfg = Release|Any CPU
		{011B4A8D-B73B-4A02-9B8A-A2D07AFA1A69}.Release|Any CPU.Build.0 = Release|Any CPU
		{51F1ACE3-9DFA-4675-B4CE-49FFFE0533C3}.Debug|Any CPU.ActiveCfg = Debug|Any CPU
		{51F1ACE3-9DFA-4675-B4CE-49FFFE0533C3}.Debug|Any CPU.Build.0 = Debug|Any CPU
		{51F1ACE3-9DFA-4675-B4CE-49FFFE0533C3}.Release|Any CPU.ActiveCfg = Release|Any CPU
		{51F1ACE3-9DFA-4675-B4CE-49FFFE0533C3}.Release|Any CPU.Build.0 = Release|Any CPU
		{95BEDA62-39CF-42FD-9A3F-210C2B51139D}.Debug|Any CPU.ActiveCfg = Debug|Any CPU
		{95BEDA62-39CF-42FD-9A3F-210C2B51139D}.Debug|Any CPU.Build.0 = Debug|Any CPU
		{95BEDA62-39CF-42FD-9A3F-210C2B51139D}.Release|Any CPU.ActiveCfg = Release|Any CPU
		{95BEDA62-39CF-42FD-9A3F-210C2B51139D}.Release|Any CPU.Build.0 = Release|Any CPU
	EndGlobalSection
	GlobalSection(SolutionProperties) = preSolution
		HideSolutionNode = FALSE
	EndGlobalSection
	GlobalSection(ExtensibilityGlobals) = postSolution
		SolutionGuid = {DAA66F06-4373-4003-979D-F4BAF0550A2E}
	EndGlobalSection
EndGlobal
